
Microsoft Visual Studio Solution File, Format Version 12.00
# Visual Studio Version 17
VisualStudioVersion = 17.5.33530.505
MinimumVisualStudioVersion = 10.0.40219.1
Project("{FAE04EC0-301F-11D3-BF4B-00C04F79EFBC}") = "TicketSystem", "TicketSystem\TicketSystem.csproj", "{D25BA80A-C357-4A85-A3AC-C6037939F72E}"
EndProject
Global
	GlobalSection(SolutionConfigurationPlatforms) = preSolution
		Debug|Any CPU = Debug|Any CPU
		Release|Any CPU = Release|Any CPU
	EndGlobalSection
	GlobalSection(ProjectConfigurationPlatforms) = postSolution
		{D25BA80A-C357-4A85-A3AC-C6037939F72E}.Debug|Any CPU.ActiveCfg = Debug|Any CPU
		{D25BA80A-C357-4A85-A3AC-C6037939F72E}.Debug|Any CPU.Build.0 = Debug|Any CPU
		{D25BA80A-C357-4A85-A3AC-C6037939F72E}.Release|Any CPU.ActiveCfg = Release|Any CPU
		{D25BA80A-C357-4A85-A3AC-C6037939F72E}.Release|Any CPU.Build.0 = Release|Any CPU
	EndGlobalSection
	GlobalSection(SolutionProperties) = preSolution
		HideSolutionNode = FALSE
	EndGlobalSection
	GlobalSection(ExtensibilityGlobals) = postSolution
		SolutionGuid = {A86B1061-169D-480F-B353-0F8E2818F48C}
	EndGlobalSection
EndGlobal
